
Microsoft Visual Studio Solution File, Format Version 12.00
# Visual Studio Version 17
VisualStudioVersion = 17.2.32630.192
MinimumVisualStudioVersion = 10.0.40219.1
Project("{FAE04EC0-301F-11D3-BF4B-00C04F79EFBC}") = "BeatSaberRPC", "BeatSaberRPC\BeatSaberRPC.csproj", "{DE0E797C-C24E-423A-862F-B9DCD72097F0}"
EndProject
Global
	GlobalSection(SolutionConfigurationPlatforms) = preSolution
		Debug|Any CPU = Debug|Any CPU
		Release|Any CPU = Release|Any CPU
	EndGlobalSection
	GlobalSection(ProjectConfigurationPlatforms) = postSolution
		{DE0E797C-C24E-423A-862F-B9DCD72097F0}.Debug|Any CPU.ActiveCfg = Debug|Any CPU
		{DE0E797C-C24E-423A-862F-B9DCD72097F0}.Debug|Any CPU.Build.0 = Debug|Any CPU
		{DE0E797C-C24E-423A-862F-B9DCD72097F0}.Release|Any CPU.ActiveCfg = Release|Any CPU
		{DE0E797C-C24E-423A-862F-B9DCD72097F0}.Release|Any CPU.Build.0 = Release|Any CPU
	EndGlobalSection
	GlobalSection(SolutionProperties) = preSolution
		HideSolutionNode = FALSE
	EndGlobalSection
	GlobalSection(ExtensibilityGlobals) = postSolution
		SolutionGuid = {956FC6C8-6A0A-463B-B565-94445D657BD1}
	EndGlobalSection
EndGlobal
